
Microsoft Visual Studio Solution File, Format Version 12.00
# Visual Studio Version 16
VisualStudioVersion = 16.0.30320.27
MinimumVisualStudioVersion = 10.0.40219.1
Project("{9A19103F-16F7-4668-BE54-9A1E7A4F7556}") = "Teams", "Teams\Teams.csproj", "{F72234F6-E812-471D-8D44-88AB2D20C559}"
EndProject
Project("{FAE04EC0-301F-11D3-BF4B-00C04F79EFBC}") = "Teams.Store", "Teams.Store\Teams.Store.csproj", "{0BE871BD-7709-4824-9180-67692FC60264}"
EndProject
Project("{FAE04EC0-301F-11D3-BF4B-00C04F79EFBC}") = "Teams.Models", "Teams.Models\Teams.Models.csproj", "{ED5D3A00-44CA-4ED2-A55E-905B4FB6278F}"
EndProject
Global
	GlobalSection(SolutionConfigurationPlatforms) = preSolution
		Debug|Any CPU = Debug|Any CPU
		Release|Any CPU = Release|Any CPU
	EndGlobalSection
	GlobalSection(ProjectConfigurationPlatforms) = postSolution
		{F72234F6-E812-471D-8D44-88AB2D20C559}.Debug|Any CPU.ActiveCfg = Debug|Any CPU
		{F72234F6-E812-471D-8D44-88AB2D20C559}.Debug|Any CPU.Build.0 = Debug|Any CPU
		{F72234F6-E812-471D-8D44-88AB2D20C559}.Release|Any CPU.ActiveCfg = Release|Any CPU
		{F72234F6-E812-471D-8D44-88AB2D20C559}.Release|Any CPU.Build.0 = Release|Any CPU
		{0BE871BD-7709-4824-9180-67692FC60264}.Debug|Any CPU.ActiveCfg = Debug|Any CPU
		{0BE871BD-7709-4824-9180-67692FC60264}.Debug|Any CPU.Build.0 = Debug|Any CPU
		{0BE871BD-7709-4824-9180-67692FC60264}.Release|Any CPU.ActiveCfg = Release|Any CPU
		{0BE871BD-7709-4824-9180-67692FC60264}.Release|Any CPU.Build.0 = Release|Any CPU
		{ED5D3A00-44CA-4ED2-A55E-905B4FB6278F}.Debug|Any CPU.ActiveCfg = Debug|Any CPU
		{ED5D3A00-44CA-4ED2-A55E-905B4FB6278F}.Debug|Any CPU.Build.0 = Debug|Any CPU
		{ED5D3A00-44CA-4ED2-A55E-905B4FB6278F}.Release|Any CPU.ActiveCfg = Release|Any CPU
		{ED5D3A00-44CA-4ED2-A55E-905B4FB6278F}.Release|Any CPU.Build.0 = Release|Any CPU
	EndGlobalSection
	GlobalSection(SolutionProperties) = preSolution
		HideSolutionNode = FALSE
	EndGlobalSection
	GlobalSection(ExtensibilityGlobals) = postSolution
		SolutionGuid = {D0808C88-2183-4E16-A999-5FC48504115C}
	EndGlobalSection
EndGlobal
